
Microsoft Visual Studio Solution File, Format Version 12.00
# Visual Studio 2013
VisualStudioVersion = 12.0.40629.0
MinimumVisualStudioVersion = 10.0.40219.1
Project("{FAE04EC0-301F-11D3-BF4B-00C04F79EFBC}") = "CustomLINQExtension", "CustomLINQExtension\CustomLINQExtension.csproj", "{2032C332-65D2-4A8C-915F-5F2903EAA757}"
EndProject
Project("{FAE04EC0-301F-11D3-BF4B-00C04F79EFBC}") = "LINQExtensions", "LINQExtensions\LINQExtensions.csproj", "{033DBD34-6892-473C-BDB6-51CEEE3FC59C}"
EndProject
Global
	GlobalSection(SolutionConfigurationPlatforms) = preSolution
		Debug|Any CPU = Debug|Any CPU
		Release|Any CPU = Release|Any CPU
	EndGlobalSection
	GlobalSection(ProjectConfigurationPlatforms) = postSolution
		{2032C332-65D2-4A8C-915F-5F2903EAA757}.Debug|Any CPU.ActiveCfg = Debug|Any CPU
		{2032C332-65D2-4A8C-915F-5F2903EAA757}.Debug|Any CPU.Build.0 = Debug|Any CPU
		{2032C332-65D2-4A8C-915F-5F2903EAA757}.Release|Any CPU.ActiveCfg = Release|Any CPU
		{2032C332-65D2-4A8C-915F-5F2903EAA757}.Release|Any CPU.Build.0 = Release|Any CPU
		{033DBD34-6892-473C-BDB6-51CEEE3FC59C}.Debug|Any CPU.ActiveCfg = Debug|Any CPU
		{033DBD34-6892-473C-BDB6-51CEEE3FC59C}.Debug|Any CPU.Build.0 = Debug|Any CPU
		{033DBD34-6892-473C-BDB6-51CEEE3FC59C}.Release|Any CPU.ActiveCfg = Release|Any CPU
		{033DBD34-6892-473C-BDB6-51CEEE3FC59C}.Release|Any CPU.Build.0 = Release|Any CPU
	EndGlobalSection
	GlobalSection(SolutionProperties) = preSolution
		HideSolutionNode = FALSE
	EndGlobalSection
EndGlobal
